
Microsoft Visual Studio Solution File, Format Version 12.00
# Visual Studio Version 17
VisualStudioVersion = 17.13.35806.99 d17.13
MinimumVisualStudioVersion = 10.0.40219.1
Project("{FAE04EC0-301F-11D3-BF4B-00C04F79EFBC}") = "AdventOfCode", "AdventOfCode\AdventOfCode.csproj", "{8EFE80E8-F098-44D8-AB73-5306FEF1C43A}"
EndProject
Global
	GlobalSection(SolutionConfigurationPlatforms) = preSolution
		Debug|Any CPU = Debug|Any CPU
		Release|Any CPU = Release|Any CPU
	EndGlobalSection
	GlobalSection(ProjectConfigurationPlatforms) = postSolution
		{8EFE80E8-F098-44D8-AB73-5306FEF1C43A}.Debug|Any CPU.ActiveCfg = Debug|Any CPU
		{8EFE80E8-F098-44D8-AB73-5306FEF1C43A}.Debug|Any CPU.Build.0 = Debug|Any CPU
		{8EFE80E8-F098-44D8-AB73-5306FEF1C43A}.Release|Any CPU.ActiveCfg = Release|Any CPU
		{8EFE80E8-F098-44D8-AB73-5306FEF1C43A}.Release|Any CPU.Build.0 = Release|Any CPU
	EndGlobalSection
	GlobalSection(SolutionProperties) = preSolution
		HideSolutionNode = FALSE
	EndGlobalSection
	GlobalSection(ExtensibilityGlobals) = postSolution
		SolutionGuid = {DA154C67-7CB9-4EAA-BCAF-B42A7BF269F3}
	EndGlobalSection
EndGlobal
